
Microsoft Visual Studio Solution File, Format Version 12.00
# Visual Studio Version 17
VisualStudioVersion = 17.4.33403.182
MinimumVisualStudioVersion = 10.0.40219.1
Project("{FAE04EC0-301F-11D3-BF4B-00C04F79EFBC}") = "ex10", "ex10\ex10.csproj", "{67E93AAB-660B-45AB-B590-5635F2F3A0CD}"
EndProject
Global
	GlobalSection(SolutionConfigurationPlatforms) = preSolution
		Debug|Any CPU = Debug|Any CPU
		Release|Any CPU = Release|Any CPU
	EndGlobalSection
	GlobalSection(ProjectConfigurationPlatforms) = postSolution
		{67E93AAB-660B-45AB-B590-5635F2F3A0CD}.Debug|Any CPU.ActiveCfg = Debug|Any CPU
		{67E93AAB-660B-45AB-B590-5635F2F3A0CD}.Debug|Any CPU.Build.0 = Debug|Any CPU
		{67E93AAB-660B-45AB-B590-5635F2F3A0CD}.Release|Any CPU.ActiveCfg = Release|Any CPU
		{67E93AAB-660B-45AB-B590-5635F2F3A0CD}.Release|Any CPU.Build.0 = Release|Any CPU
	EndGlobalSection
	GlobalSection(SolutionProperties) = preSolution
		HideSolutionNode = FALSE
	EndGlobalSection
	GlobalSection(ExtensibilityGlobals) = postSolution
		SolutionGuid = {F48CB660-74EA-4BE1-AD29-F0EC35D64C9D}
	EndGlobalSection
EndGlobal
